
Microsoft Visual Studio Solution File, Format Version 12.00
# Visual Studio Version 17
VisualStudioVersion = 17.8.34330.188
MinimumVisualStudioVersion = 10.0.40219.1
Project("{FAE04EC0-301F-11D3-BF4B-00C04F79EFBC}") = "ConsoleApp13", "ConsoleApp13\ConsoleApp13.csproj", "{0015DCF8-FC1B-4E26-8728-FDA947B5573F}"
EndProject
Global
	GlobalSection(SolutionConfigurationPlatforms) = preSolution
		Debug|Any CPU = Debug|Any CPU
		Release|Any CPU = Release|Any CPU
	EndGlobalSection
	GlobalSection(ProjectConfigurationPlatforms) = postSolution
		{0015DCF8-FC1B-4E26-8728-FDA947B5573F}.Debug|Any CPU.ActiveCfg = Debug|Any CPU
		{0015DCF8-FC1B-4E26-8728-FDA947B5573F}.Debug|Any CPU.Build.0 = Debug|Any CPU
		{0015DCF8-FC1B-4E26-8728-FDA947B5573F}.Release|Any CPU.ActiveCfg = Release|Any CPU
		{0015DCF8-FC1B-4E26-8728-FDA947B5573F}.Release|Any CPU.Build.0 = Release|Any CPU
	EndGlobalSection
	GlobalSection(SolutionProperties) = preSolution
		HideSolutionNode = FALSE
	EndGlobalSection
	GlobalSection(ExtensibilityGlobals) = postSolution
		SolutionGuid = {EDD1FA9F-FB1F-48A9-8069-08AA0F57BF57}
	EndGlobalSection
EndGlobal
